
Microsoft Visual Studio Solution File, Format Version 12.00
# Visual Studio 15
VisualStudioVersion = 15.0.28307.705
MinimumVisualStudioVersion = 10.0.40219.1
Project("{FAE04EC0-301F-11D3-BF4B-00C04F79EFBC}") = "MagicalSquares", "KataEight\MagicalSquares.csproj", "{0AF3E11A-D62B-4581-8C46-AA2BD60407BB}"
EndProject
Project("{FAE04EC0-301F-11D3-BF4B-00C04F79EFBC}") = "MagicalSquares.Test", "MagicalSquares.Test\MagicalSquares.Test.csproj", "{CCE66EC9-7C62-4241-999B-2C83054F1697}"
EndProject
Global
	GlobalSection(SolutionConfigurationPlatforms) = preSolution
		Debug|Any CPU = Debug|Any CPU
		Release|Any CPU = Release|Any CPU
	EndGlobalSection
	GlobalSection(ProjectConfigurationPlatforms) = postSolution
		{0AF3E11A-D62B-4581-8C46-AA2BD60407BB}.Debug|Any CPU.ActiveCfg = Debug|Any CPU
		{0AF3E11A-D62B-4581-8C46-AA2BD60407BB}.Debug|Any CPU.Build.0 = Debug|Any CPU
		{0AF3E11A-D62B-4581-8C46-AA2BD60407BB}.Release|Any CPU.ActiveCfg = Release|Any CPU
		{0AF3E11A-D62B-4581-8C46-AA2BD60407BB}.Release|Any CPU.Build.0 = Release|Any CPU
		{CCE66EC9-7C62-4241-999B-2C83054F1697}.Debug|Any CPU.ActiveCfg = Debug|Any CPU
		{CCE66EC9-7C62-4241-999B-2C83054F1697}.Debug|Any CPU.Build.0 = Debug|Any CPU
		{CCE66EC9-7C62-4241-999B-2C83054F1697}.Release|Any CPU.ActiveCfg = Release|Any CPU
		{CCE66EC9-7C62-4241-999B-2C83054F1697}.Release|Any CPU.Build.0 = Release|Any CPU
	EndGlobalSection
	GlobalSection(SolutionProperties) = preSolution
		HideSolutionNode = FALSE
	EndGlobalSection
	GlobalSection(ExtensibilityGlobals) = postSolution
		SolutionGuid = {5F4E8ED5-112F-4842-A44E-8D253E5CEF10}
	EndGlobalSection
EndGlobal
